// !$*UTF8*$!
{
	archiveVersion = 1;
	classes = {
	};
	objectVersion = 55;
	objects = {

/* Begin PBXBuildFile section */
		EA639CC927FD6B1200821A1B /* MainTabbarController.swift in Sources */ = {isa = PBXBuildFile; fileRef = EA639CC827FD6B1200821A1B /* MainTabbarController.swift */; };
		EA639CEF27FDD0F800821A1B /* Assets.xcassets in Resources */ = {isa = PBXBuildFile; fileRef = EA639CEE27FDD0F800821A1B /* Assets.xcassets */; };
		EA639CF327FDD23A00821A1B /* Launch Screen.storyboard in Resources */ = {isa = PBXBuildFile; fileRef = EA639CF227FDD23A00821A1B /* Launch Screen.storyboard */; };
		EA639CF927FDE3CC00821A1B /* FavoriteOnlyCell.swift in Sources */ = {isa = PBXBuildFile; fileRef = EA639CF827FDE3CC00821A1B /* FavoriteOnlyCell.swift */; };
		EA639CFC27FE713300821A1B /* ContentViewPresenter.swift in Sources */ = {isa = PBXBuildFile; fileRef = EA639CFB27FE713300821A1B /* ContentViewPresenter.swift */; };
		EAECEEBE27FD545B00E4FE60 /* AppDelegate.swift in Sources */ = {isa = PBXBuildFile; fileRef = EAECEEBD27FD545B00E4FE60 /* AppDelegate.swift */; };
		EAECEED327FD555300E4FE60 /* LandmarkCell.swift in Sources */ = {isa = PBXBuildFile; fileRef = EAECEED127FD555300E4FE60 /* LandmarkCell.swift */; };
		EAECEED427FD555300E4FE60 /* Landmark.swift in Sources */ = {isa = PBXBuildFile; fileRef = EAECEED227FD555300E4FE60 /* Landmark.swift */; };
		EAECEEDA27FD556700E4FE60 /* UIView+extension.swift in Sources */ = {isa = PBXBuildFile; fileRef = EAECEED527FD556700E4FE60 /* UIView+extension.swift */; };
		EAECEEDB27FD556700E4FE60 /* landmarkData.json in Resources */ = {isa = PBXBuildFile; fileRef = EAECEED627FD556700E4FE60 /* landmarkData.json */; };
		EAECEEDC27FD556700E4FE60 /* ModelData.swift in Sources */ = {isa = PBXBuildFile; fileRef = EAECEED727FD556700E4FE60 /* ModelData.swift */; };
		EAECEEE027FD557400E4FE60 /* ContentViewController.swift in Sources */ = {isa = PBXBuildFile; fileRef = EAECEEDF27FD557400E4FE60 /* ContentViewController.swift */; };
		EAECEF0827FD654400E4FE60 /* SceneDelegate.swift in Sources */ = {isa = PBXBuildFile; fileRef = EAECEF0727FD654400E4FE60 /* SceneDelegate.swift */; };
/* End PBXBuildFile section */

/* Begin PBXFileReference section */
		EA639CC827FD6B1200821A1B /* MainTabbarController.swift */ = {isa = PBXFileReference; lastKnownFileType = sourcecode.swift; path = MainTabbarController.swift; sourceTree = "<group>"; };
		EA639CEE27FDD0F800821A1B /* Assets.xcassets */ = {isa = PBXFileReference; lastKnownFileType = folder.assetcatalog; path = Assets.xcassets; sourceTree = "<group>"; };
		EA639CF227FDD23A00821A1B /* Launch Screen.storyboard */ = {isa = PBXFileReference; lastKnownFileType = file.storyboard; path = "Launch Screen.storyboard"; sourceTree = "<group>"; };
		EA639CF827FDE3CC00821A1B /* FavoriteOnlyCell.swift */ = {isa = PBXFileReference; lastKnownFileType = sourcecode.swift; name = FavoriteOnlyCell.swift; path = ../../../Documents/FavoriteOnlyCell.swift; sourceTree = "<group>"; };
		EA639CFB27FE713300821A1B /* ContentViewPresenter.swift */ = {isa = PBXFileReference; lastKnownFileType = sourcecode.swift; path = ContentViewPresenter.swift; sourceTree = "<group>"; };
		EAECEEBA27FD545B00E4FE60 /* MVPProduct.app */ = {isa = PBXFileReference; explicitFileType = wrapper.application; includeInIndex = 0; path = MVPProduct.app; sourceTree = BUILT_PRODUCTS_DIR; };
		EAECEEBD27FD545B00E4FE60 /* AppDelegate.swift */ = {isa = PBXFileReference; lastKnownFileType = sourcecode.swift; path = AppDelegate.swift; sourceTree = "<group>"; };
		EAECEECB27FD545C00E4FE60 /* Info.plist */ = {isa = PBXFileReference; lastKnownFileType = text.plist.xml; path = Info.plist; sourceTree = "<group>"; };
		EAECEED127FD555300E4FE60 /* LandmarkCell.swift */ = {isa = PBXFileReference; fileEncoding = 4; lastKnownFileType = sourcecode.swift; path = LandmarkCell.swift; sourceTree = "<group>"; };
		EAECEED227FD555300E4FE60 /* Landmark.swift */ = {isa = PBXFileReference; fileEncoding = 4; lastKnownFileType = sourcecode.swift; path = Landmark.swift; sourceTree = "<group>"; };
		EAECEED527FD556700E4FE60 /* UIView+extension.swift */ = {isa = PBXFileReference; fileEncoding = 4; lastKnownFileType = sourcecode.swift; path = "UIView+extension.swift"; sourceTree = "<group>"; };
		EAECEED627FD556700E4FE60 /* landmarkData.json */ = {isa = PBXFileReference; fileEncoding = 4; lastKnownFileType = text.json; path = landmarkData.json; sourceTree = "<group>"; };
		EAECEED727FD556700E4FE60 /* ModelData.swift */ = {isa = PBXFileReference; fileEncoding = 4; lastKnownFileType = sourcecode.swift; path = ModelData.swift; sourceTree = "<group>"; };
		EAECEEDF27FD557400E4FE60 /* ContentViewController.swift */ = {isa = PBXFileReference; fileEncoding = 4; lastKnownFileType = sourcecode.swift; path = ContentViewController.swift; sourceTree = "<group>"; };
		EAECEF0727FD654400E4FE60 /* SceneDelegate.swift */ = {isa = PBXFileReference; fileEncoding = 4; lastKnownFileType = sourcecode.swift; path = SceneDelegate.swift; sourceTree = "<group>"; };
/* End PBXFileReference section */

/* Begin PBXFrameworksBuildPhase section */
		EAECEEB727FD545B00E4FE60 /* Frameworks */ = {
			isa = PBXFrameworksBuildPhase;
			buildActionMask = 2147483647;
			files = (
			);
			runOnlyForDeploymentPostprocessing = 0;
		};
/* End PBXFrameworksBuildPhase section */

/* Begin PBXGroup section */
		EA639CFA27FE711700821A1B /* Presenter */ = {
			isa = PBXGroup;
			children = (
				EA639CFB27FE713300821A1B /* ContentViewPresenter.swift */,
			);
			path = Presenter;
			sourceTree = "<group>";
		};
		EAECEEB127FD545B00E4FE60 = {
			isa = PBXGroup;
			children = (
				EAECEF0627FD609600E4FE60 /* Extension */,
				EAECEEE127FD558600E4FE60 /* Resouce */,
				EAECEEE227FD559D00E4FE60 /* Model */,
				EAECEEE327FD55A900E4FE60 /* ViewController */,
				EA639CFA27FE711700821A1B /* Presenter */,
				EAECEF0427FD606B00E4FE60 /* View */,
				EAECEEBC27FD545B00E4FE60 /* MVPProduct */,
				EAECEEBB27FD545B00E4FE60 /* Products */,
			);
			sourceTree = "<group>";
		};
		EAECEEBB27FD545B00E4FE60 /* Products */ = {
			isa = PBXGroup;
			children = (
				EAECEEBA27FD545B00E4FE60 /* MVPProduct.app */,
			);
			name = Products;
			sourceTree = "<group>";
		};
		EAECEEBC27FD545B00E4FE60 /* MVPProduct */ = {
			isa = PBXGroup;
			children = (
				EAECEEBD27FD545B00E4FE60 /* AppDelegate.swift */,
				EA639CEE27FDD0F800821A1B /* Assets.xcassets */,
				EAECEF0727FD654400E4FE60 /* SceneDelegate.swift */,
				EA639CF227FDD23A00821A1B /* Launch Screen.storyboard */,
				EAECEECB27FD545C00E4FE60 /* Info.plist */,
			);
			path = MVPProduct;
			sourceTree = "<group>";
		};
		EAECEEE127FD558600E4FE60 /* Resouce */ = {
			isa = PBXGroup;
			children = (
				EAECEED227FD555300E4FE60 /* Landmark.swift */,
				EAECEED627FD556700E4FE60 /* landmarkData.json */,
			);
			path = Resouce;
			sourceTree = "<group>";
		};
		EAECEEE227FD559D00E4FE60 /* Model */ = {
			isa = PBXGroup;
			children = (
				EAECEED727FD556700E4FE60 /* ModelData.swift */,
			);
			path = Model;
			sourceTree = "<group>";
		};
		EAECEEE327FD55A900E4FE60 /* ViewController */ = {
			isa = PBXGroup;
			children = (
				EAECEEDF27FD557400E4FE60 /* ContentViewController.swift */,
				EA639CC827FD6B1200821A1B /* MainTabbarController.swift */,
			);
			path = ViewController;
			sourceTree = "<group>";
		};
		EAECEF0427FD606B00E4FE60 /* View */ = {
			isa = PBXGroup;
			children = (
				EAECEED127FD555300E4FE60 /* LandmarkCell.swift */,
				EA639CF827FDE3CC00821A1B /* FavoriteOnlyCell.swift */,
			);
			path = View;
			sourceTree = "<group>";
		};
		EAECEF0627FD609600E4FE60 /* Extension */ = {
			isa = PBXGroup;
			children = (
				EAECEED527FD556700E4FE60 /* UIView+extension.swift */,
			);
			path = Extension;
			sourceTree = "<group>";
		};
/* End PBXGroup section */

/* Begin PBXNativeTarget section */
		EAECEEB927FD545B00E4FE60 /* MVPProduct */ = {
			isa = PBXNativeTarget;
			buildConfigurationList = EAECEECE27FD545C00E4FE60 /* Build configuration list for PBXNativeTarget "MVPProduct" */;
			buildPhases = (
				EAECEEB627FD545B00E4FE60 /* Sources */,
				EAECEEB727FD545B00E4FE60 /* Frameworks */,
				EAECEEB827FD545B00E4FE60 /* Resources */,
			);
			buildRules = (
			);
			dependencies = (
			);
			name = MVPProduct;
			productName = MVPProduct;
			productReference = EAECEEBA27FD545B00E4FE60 /* MVPProduct.app */;
			productType = "com.apple.product-type.application";
		};
/* End PBXNativeTarget section */

/* Begin PBXProject section */
		EAECEEB227FD545B00E4FE60 /* Project object */ = {
			isa = PBXProject;
			attributes = {
				BuildIndependentTargetsInParallel = 1;
				LastSwiftUpdateCheck = 1330;
				LastUpgradeCheck = 1330;
				TargetAttributes = {
					EAECEEB927FD545B00E4FE60 = {
						CreatedOnToolsVersion = 13.3;
					};
				};
			};
			buildConfigurationList = EAECEEB527FD545B00E4FE60 /* Build configuration list for PBXProject "MVPProduct" */;
			compatibilityVersion = "Xcode 13.0";
			developmentRegion = en;
			hasScannedForEncodings = 0;
			knownRegions = (
				en,
				Base,
			);
			mainGroup = EAECEEB127FD545B00E4FE60;
			productRefGroup = EAECEEBB27FD545B00E4FE60 /* Products */;
			projectDirPath = "";
			projectRoot = "";
			targets = (
				EAECEEB927FD545B00E4FE60 /* MVPProduct */,
			);
		};
/* End PBXProject section */

/* Begin PBXResourcesBuildPhase section */
		EAECEEB827FD545B00E4FE60 /* Resources */ = {
			isa = PBXResourcesBuildPhase;
			buildActionMask = 2147483647;
			files = (
				EA639CEF27FDD0F800821A1B /* Assets.xcassets in Resources */,
				EAECEEDB27FD556700E4FE60 /* landmarkData.json in Resources */,
				EA639CF327FDD23A00821A1B /* Launch Screen.storyboard in Resources */,
			);
			runOnlyForDeploymentPostprocessing = 0;
		};
/* End PBXResourcesBuildPhase section */

/* Begin PBXSourcesBuildPhase section */
		EAECEEB627FD545B00E4FE60 /* Sources */ = {
			isa = PBXSourcesBuildPhase;
			buildActionMask = 2147483647;
			files = (
				EA639CF927FDE3CC00821A1B /* FavoriteOnlyCell.swift in Sources */,
				EAECEEE027FD557400E4FE60 /* ContentViewController.swift in Sources */,
				EAECEF0827FD654400E4FE60 /* SceneDelegate.swift in Sources */,
				EA639CFC27FE713300821A1B /* ContentViewPresenter.swift in Sources */,
				EA639CC927FD6B1200821A1B /* MainTabbarController.swift in Sources */,
				EAECEEDA27FD556700E4FE60 /* UIView+extension.swift in Sources */,
				EAECEEBE27FD545B00E4FE60 /* AppDelegate.swift in Sources */,
				EAECEED327FD555300E4FE60 /* LandmarkCell.swift in Sources */,
				EAECEED427FD555300E4FE60 /* Landmark.swift in Sources */,
				EAECEEDC27FD556700E4FE60 /* ModelData.swift in Sources */,
			);
			runOnlyForDeploymentPostprocessing = 0;
		};
/* End PBXSourcesBuildPhase section */

/* Begin XCBuildConfiguration section */
		EAECEECC27FD545C00E4FE60 /* Debug */ = {
			isa = XCBuildConfiguration;
			buildSettings = {
				ALWAYS_SEARCH_USER_PATHS = NO;
				CLANG_ANALYZER_NONNULL = YES;
				CLANG_ANALYZER_NUMBER_OBJECT_CONVERSION = YES_AGGRESSIVE;
				CLANG_CXX_LANGUAGE_STANDARD = "gnu++17";
				CLANG_ENABLE_MODULES = YES;
				CLANG_ENABLE_OBJC_ARC = YES;
				CLANG_ENABLE_OBJC_WEAK = YES;
				CLANG_WARN_BLOCK_CAPTURE_AUTORELEASING = YES;
				CLANG_WARN_BOOL_CONVERSION = YES;
				CLANG_WARN_COMMA = YES;
				CLANG_WARN_CONSTANT_CONVERSION = YES;
				CLANG_WARN_DEPRECATED_OBJC_IMPLEMENTATIONS = YES;
				CLANG_WARN_DIRECT_OBJC_ISA_USAGE = YES_ERROR;
				CLANG_WARN_DOCUMENTATION_COMMENTS = YES;
				CLANG_WARN_EMPTY_BODY = YES;
				CLANG_WARN_ENUM_CONVERSION = YES;
				CLANG_WARN_INFINITE_RECURSION = YES;
				CLANG_WARN_INT_CONVERSION = YES;
				CLANG_WARN_NON_LITERAL_NULL_CONVERSION = YES;
				CLANG_WARN_OBJC_IMPLICIT_RETAIN_SELF = YES;
				CLANG_WARN_OBJC_LITERAL_CONVERSION = YES;
				CLANG_WARN_OBJC_ROOT_CLASS = YES_ERROR;
				CLANG_WARN_QUOTED_INCLUDE_IN_FRAMEWORK_HEADER = YES;
				CLANG_WARN_RANGE_LOOP_ANALYSIS = YES;
				CLANG_WARN_STRICT_PROTOTYPES = YES;
				CLANG_WARN_SUSPICIOUS_MOVE = YES;
				CLANG_WARN_UNGUARDED_AVAILABILITY = YES_AGGRESSIVE;
				CLANG_WARN_UNREACHABLE_CODE = YES;
				CLANG_WARN__DUPLICATE_METHOD_MATCH = YES;
				COPY_PHASE_STRIP = NO;
				DEBUG_INFORMATION_FORMAT = dwarf;
				ENABLE_STRICT_OBJC_MSGSEND = YES;
				ENABLE_TESTABILITY = YES;
				GCC_C_LANGUAGE_STANDARD = gnu11;
				GCC_DYNAMIC_NO_PIC = NO;
				GCC_NO_COMMON_BLOCKS = YES;
				GCC_OPTIMIZATION_LEVEL = 0;
				GCC_PREPROCESSOR_DEFINITIONS = (
					"DEBUG=1",
					"$(inherited)",
				);
				GCC_WARN_64_TO_32_BIT_CONVERSION = YES;
				GCC_WARN_ABOUT_RETURN_TYPE = YES_ERROR;
				GCC_WARN_UNDECLARED_SELECTOR = YES;
				GCC_WARN_UNINITIALIZED_AUTOS = YES_AGGRESSIVE;
				GCC_WARN_UNUSED_FUNCTION = YES;
				GCC_WARN_UNUSED_VARIABLE = YES;
				IPHONEOS_DEPLOYMENT_TARGET = 15.4;
				MTL_ENABLE_DEBUG_INFO = INCLUDE_SOURCE;
				MTL_FAST_MATH = YES;
				ONLY_ACTIVE_ARCH = YES;
				SDKROOT = iphoneos;
				SWIFT_ACTIVE_COMPILATION_CONDITIONS = DEBUG;
				SWIFT_OPTIMIZATION_LEVEL = "-Onone";
			};
			name = Debug;
		};
		EAECEECD27FD545C00E4FE60 /* Release */ = {
			isa = XCBuildConfiguration;
			buildSettings = {
				ALWAYS_SEARCH_USER_PATHS = NO;
				CLANG_ANALYZER_NONNULL = YES;
				CLANG_ANALYZER_NUMBER_OBJECT_CONVERSION = YES_AGGRESSIVE;
				CLANG_CXX_LANGUAGE_STANDARD = "gnu++17";
				CLANG_ENABLE_MODULES = YES;
				CLANG_ENABLE_OBJC_ARC = YES;
				CLANG_ENABLE_OBJC_WEAK = YES;
				CLANG_WARN_BLOCK_CAPTURE_AUTORELEASING = YES;
				CLANG_WARN_BOOL_CONVERSION = YES;
				CLANG_WARN_COMMA = YES;
				CLANG_WARN_CONSTANT_CONVERSION = YES;
				CLANG_WARN_DEPRECATED_OBJC_IMPLEMENTATIONS = YES;
				CLANG_WARN_DIRECT_OBJC_ISA_USAGE = YES_ERROR;
				CLANG_WARN_DOCUMENTATION_COMMENTS = YES;
				CLANG_WARN_EMPTY_BODY = YES;
				CLANG_WARN_ENUM_CONVERSION = YES;
				CLANG_WARN_INFINITE_RECURSION = YES;
				CLANG_WARN_INT_CONVERSION = YES;
				CLANG_WARN_NON_LITERAL_NULL_CONVERSION = YES;
				CLANG_WARN_OBJC_IMPLICIT_RETAIN_SELF = YES;
				CLANG_WARN_OBJC_LITERAL_CONVERSION = YES;
				CLANG_WARN_OBJC_ROOT_CLASS = YES_ERROR;
				CLANG_WARN_QUOTED_INCLUDE_IN_FRAMEWORK_HEADER = YES;
				CLANG_WARN_RANGE_LOOP_ANALYSIS = YES;
				CLANG_WARN_STRICT_PROTOTYPES = YES;
				CLANG_WARN_SUSPICIOUS_MOVE = YES;
				CLANG_WARN_UNGUARDED_AVAILABILITY = YES_AGGRESSIVE;
				CLANG_WARN_UNREACHABLE_CODE = YES;
				CLANG_WARN__DUPLICATE_METHOD_MATCH = YES;
				COPY_PHASE_STRIP = NO;
				DEBUG_INFORMATION_FORMAT = "dwarf-with-dsym";
				ENABLE_NS_ASSERTIONS = NO;
				ENABLE_STRICT_OBJC_MSGSEND = YES;
				GCC_C_LANGUAGE_STANDARD = gnu11;
				GCC_NO_COMMON_BLOCKS = YES;
				GCC_WARN_64_TO_32_BIT_CONVERSION = YES;
				GCC_WARN_ABOUT_RETURN_TYPE = YES_ERROR;
				GCC_WARN_UNDECLARED_SELECTOR = YES;
				GCC_WARN_UNINITIALIZED_AUTOS = YES_AGGRESSIVE;
				GCC_WARN_UNUSED_FUNCTION = YES;
				GCC_WARN_UNUSED_VARIABLE = YES;
				IPHONEOS_DEPLOYMENT_TARGET = 15.4;
				MTL_ENABLE_DEBUG_INFO = NO;
				MTL_FAST_MATH = YES;
				SDKROOT = iphoneos;
				SWIFT_COMPILATION_MODE = wholemodule;
				SWIFT_OPTIMIZATION_LEVEL = "-O";
				VALIDATE_PRODUCT = YES;
			};
			name = Release;
		};
		EAECEECF27FD545C00E4FE60 /* Debug */ = {
			isa = XCBuildConfiguration;
			buildSettings = {
				ASSETCATALOG_COMPILER_APPICON_NAME = AppIcon;
				ASSETCATALOG_COMPILER_GLOBAL_ACCENT_COLOR_NAME = AccentColor;
				CODE_SIGN_STYLE = Automatic;
				CURRENT_PROJECT_VERSION = 1;
				GENERATE_INFOPLIST_FILE = YES;
				INFOPLIST_FILE = MVPProduct/Info.plist;
				INFOPLIST_KEY_UIApplicationSupportsIndirectInputEvents = YES;
				INFOPLIST_KEY_UILaunchStoryboardName = LaunchScreen;
				INFOPLIST_KEY_UISupportedInterfaceOrientations_iPad = "UIInterfaceOrientationPortrait UIInterfaceOrientationPortraitUpsideDown UIInterfaceOrientationLandscapeLeft UIInterfaceOrientationLandscapeRight";
				INFOPLIST_KEY_UISupportedInterfaceOrientations_iPhone = "UIInterfaceOrientationPortrait UIInterfaceOrientationLandscapeLeft UIInterfaceOrientationLandscapeRight";
				LD_RUNPATH_SEARCH_PATHS = (
					"$(inherited)",
					"@executable_path/Frameworks",
				);
				MARKETING_VERSION = 1.0;
				PRODUCT_BUNDLE_IDENTIFIER = com.tomokagemo.MVPProduct;
				PRODUCT_NAME = "$(TARGET_NAME)";
				SWIFT_EMIT_LOC_STRINGS = YES;
				SWIFT_VERSION = 5.0;
				TARGETED_DEVICE_FAMILY = "1,2";
			};
			name = Debug;
		};
		EAECEED027FD545C00E4FE60 /* Release */ = {
			isa = XCBuildConfiguration;
			buildSettings = {
				ASSETCATALOG_COMPILER_APPICON_NAME = AppIcon;
				ASSETCATALOG_COMPILER_GLOBAL_ACCENT_COLOR_NAME = AccentColor;
				CODE_SIGN_STYLE = Automatic;
				CURRENT_PROJECT_VERSION = 1;
				GENERATE_INFOPLIST_FILE = YES;
				INFOPLIST_FILE = MVPProduct/Info.plist;
				INFOPLIST_KEY_UIApplicationSupportsIndirectInputEvents = YES;
				INFOPLIST_KEY_UILaunchStoryboardName = LaunchScreen;
				INFOPLIST_KEY_UISupportedInterfaceOrientations_iPad = "UIInterfaceOrientationPortrait UIInterfaceOrientationPortraitUpsideDown UIInterfaceOrientationLandscapeLeft UIInterfaceOrientationLandscapeRight";
				INFOPLIST_KEY_UISupportedInterfaceOrientations_iPhone = "UIInterfaceOrientationPortrait UIInterfaceOrientationLandscapeLeft UIInterfaceOrientationLandscapeRight";
				LD_RUNPATH_SEARCH_PATHS = (
					"$(inherited)",
					"@executable_path/Frameworks",
				);
				MARKETING_VERSION = 1.0;
				PRODUCT_BUNDLE_IDENTIFIER = com.tomokagemo.MVPProduct;
				PRODUCT_NAME = "$(TARGET_NAME)";
				SWIFT_EMIT_LOC_STRINGS = YES;
				SWIFT_VERSION = 5.0;
				TARGETED_DEVICE_FAMILY = "1,2";
			};
			name = Release;
		};
/* End XCBuildConfiguration section */

/* Begin XCConfigurationList section */
		EAECEEB527FD545B00E4FE60 /* Build configuration list for PBXProject "MVPProduct" */ = {
			isa = XCConfigurationList;
			buildConfigurations = (
				EAECEECC27FD545C00E4FE60 /* Debug */,
				EAECEECD27FD545C00E4FE60 /* Release */,
			);
			defaultConfigurationIsVisible = 0;
			defaultConfigurationName = Release;
		};
		EAECEECE27FD545C00E4FE60 /* Build configuration list for PBXNativeTarget "MVPProduct" */ = {
			isa = XCConfigurationList;
			buildConfigurations = (
				EAECEECF27FD545C00E4FE60 /* Debug */,
				EAECEED027FD545C00E4FE60 /* Release */,
			);
			defaultConfigurationIsVisible = 0;
			defaultConfigurationName = Release;
		};
/* End XCConfigurationList section */
	};
	rootObject = EAECEEB227FD545B00E4FE60 /* Project object */;
}
